
Microsoft Visual Studio Solution File, Format Version 12.00
# Visual Studio Version 16
VisualStudioVersion = 16.0.30114.105
MinimumVisualStudioVersion = 10.0.40219.1
Project("{FAE04EC0-301F-11D3-BF4B-00C04F79EFBC}") = "Server", "ClientServer\Server.csproj", "{C11DA120-8F35-4EDD-84B1-80767A40DE85}"
EndProject
Project("{FAE04EC0-301F-11D3-BF4B-00C04F79EFBC}") = "Client", "Client\Client.csproj", "{42AB3594-7635-49C1-BB37-0184D3E48D8A}"
EndProject
Global
	GlobalSection(SolutionConfigurationPlatforms) = preSolution
		Debug|Any CPU = Debug|Any CPU
		Release|Any CPU = Release|Any CPU
	EndGlobalSection
	GlobalSection(ProjectConfigurationPlatforms) = postSolution
		{C11DA120-8F35-4EDD-84B1-80767A40DE85}.Debug|Any CPU.ActiveCfg = Debug|Any CPU
		{C11DA120-8F35-4EDD-84B1-80767A40DE85}.Debug|Any CPU.Build.0 = Debug|Any CPU
		{C11DA120-8F35-4EDD-84B1-80767A40DE85}.Release|Any CPU.ActiveCfg = Release|Any CPU
		{C11DA120-8F35-4EDD-84B1-80767A40DE85}.Release|Any CPU.Build.0 = Release|Any CPU
		{42AB3594-7635-49C1-BB37-0184D3E48D8A}.Debug|Any CPU.ActiveCfg = Debug|Any CPU
		{42AB3594-7635-49C1-BB37-0184D3E48D8A}.Debug|Any CPU.Build.0 = Debug|Any CPU
		{42AB3594-7635-49C1-BB37-0184D3E48D8A}.Release|Any CPU.ActiveCfg = Release|Any CPU
		{42AB3594-7635-49C1-BB37-0184D3E48D8A}.Release|Any CPU.Build.0 = Release|Any CPU
	EndGlobalSection
	GlobalSection(SolutionProperties) = preSolution
		HideSolutionNode = FALSE
	EndGlobalSection
	GlobalSection(ExtensibilityGlobals) = postSolution
		SolutionGuid = {BF251717-BCDF-41A0-9925-BDF298ABC672}
	EndGlobalSection
EndGlobal
